
Microsoft Visual Studio Solution File, Format Version 12.00
# Visual Studio 14
VisualStudioVersion = 14.0.25123.0
MinimumVisualStudioVersion = 10.0.40219.1
Project("{FAE04EC0-301F-11D3-BF4B-00C04F79EFBC}") = "UserBooksList", "UserBooksList\UserBooksList.csproj", "{477FDF22-1D72-40E2-BC4A-0104BB36DE47}"
EndProject
Project("{FAE04EC0-301F-11D3-BF4B-00C04F79EFBC}") = "UserBooksList.Tests", "UserBooksList.Tests\UserBooksList.Tests.csproj", "{331641A7-ECD8-4060-AECA-E607B554FEE8}"
EndProject
Global
	GlobalSection(SolutionConfigurationPlatforms) = preSolution
		Debug|Any CPU = Debug|Any CPU
		Release|Any CPU = Release|Any CPU
	EndGlobalSection
	GlobalSection(ProjectConfigurationPlatforms) = postSolution
		{477FDF22-1D72-40E2-BC4A-0104BB36DE47}.Debug|Any CPU.ActiveCfg = Debug|Any CPU
		{477FDF22-1D72-40E2-BC4A-0104BB36DE47}.Debug|Any CPU.Build.0 = Debug|Any CPU
		{477FDF22-1D72-40E2-BC4A-0104BB36DE47}.Release|Any CPU.ActiveCfg = Release|Any CPU
		{477FDF22-1D72-40E2-BC4A-0104BB36DE47}.Release|Any CPU.Build.0 = Release|Any CPU
		{331641A7-ECD8-4060-AECA-E607B554FEE8}.Debug|Any CPU.ActiveCfg = Debug|Any CPU
		{331641A7-ECD8-4060-AECA-E607B554FEE8}.Debug|Any CPU.Build.0 = Debug|Any CPU
		{331641A7-ECD8-4060-AECA-E607B554FEE8}.Release|Any CPU.ActiveCfg = Release|Any CPU
		{331641A7-ECD8-4060-AECA-E607B554FEE8}.Release|Any CPU.Build.0 = Release|Any CPU
	EndGlobalSection
	GlobalSection(SolutionProperties) = preSolution
		HideSolutionNode = FALSE
	EndGlobalSection
EndGlobal
